
Microsoft Visual Studio Solution File, Format Version 12.00
# Visual Studio Version 17
VisualStudioVersion = 17.2.32516.85
MinimumVisualStudioVersion = 10.0.40219.1
Project("{FAE04EC0-301F-11D3-BF4B-00C04F79EFBC}") = "link1exam", "link1exam\link1exam.csproj", "{2D19268A-0675-4EEB-BE40-D18E6F3D3785}"
EndProject
Project("{FAE04EC0-301F-11D3-BF4B-00C04F79EFBC}") = "console_connected_ADO", "console_connected_ADO\console_connected_ADO.csproj", "{52E6A04C-149C-4901-A2CD-D5FAAA63F003}"
EndProject
Global
	GlobalSection(SolutionConfigurationPlatforms) = preSolution
		Debug|Any CPU = Debug|Any CPU
		Release|Any CPU = Release|Any CPU
	EndGlobalSection
	GlobalSection(ProjectConfigurationPlatforms) = postSolution
		{2D19268A-0675-4EEB-BE40-D18E6F3D3785}.Debug|Any CPU.ActiveCfg = Debug|Any CPU
		{2D19268A-0675-4EEB-BE40-D18E6F3D3785}.Debug|Any CPU.Build.0 = Debug|Any CPU
		{2D19268A-0675-4EEB-BE40-D18E6F3D3785}.Release|Any CPU.ActiveCfg = Release|Any CPU
		{2D19268A-0675-4EEB-BE40-D18E6F3D3785}.Release|Any CPU.Build.0 = Release|Any CPU
		{52E6A04C-149C-4901-A2CD-D5FAAA63F003}.Debug|Any CPU.ActiveCfg = Debug|Any CPU
		{52E6A04C-149C-4901-A2CD-D5FAAA63F003}.Debug|Any CPU.Build.0 = Debug|Any CPU
		{52E6A04C-149C-4901-A2CD-D5FAAA63F003}.Release|Any CPU.ActiveCfg = Release|Any CPU
		{52E6A04C-149C-4901-A2CD-D5FAAA63F003}.Release|Any CPU.Build.0 = Release|Any CPU
	EndGlobalSection
	GlobalSection(SolutionProperties) = preSolution
		HideSolutionNode = FALSE
	EndGlobalSection
	GlobalSection(ExtensibilityGlobals) = postSolution
		SolutionGuid = {62FC112C-9FF4-47B1-97AE-7AF662928D88}
	EndGlobalSection
EndGlobal
